
Microsoft Visual Studio Solution File, Format Version 12.00
# Visual Studio Version 16
VisualStudioVersion = 16.0.30804.86
MinimumVisualStudioVersion = 10.0.40219.1
Project("{2150E333-8FDC-42A3-9474-1A3956D46DE8}") = "01.Clients", "01.Clients", "{AF3BBA7A-54C5-4809-9AD2-05B27E7AB7E8}"
EndProject
Project("{2150E333-8FDC-42A3-9474-1A3956D46DE8}") = "02.Api.Gateways", "02.Api.Gateways", "{5E1EE0E8-EDFE-432E-BC2B-DF699B3FB738}"
EndProject
Project("{2150E333-8FDC-42A3-9474-1A3956D46DE8}") = "03.Services", "03.Services", "{783FCAE3-7CAF-4AC0-9EE4-3AD93CC60AE4}"
EndProject
Project("{2150E333-8FDC-42A3-9474-1A3956D46DE8}") = "01.Identity", "01.Identity", "{671DEE36-9B9A-44FA-A53D-DCAB816C410D}"
EndProject
Project("{2150E333-8FDC-42A3-9474-1A3956D46DE8}") = "02.Catalog", "02.Catalog", "{50122482-1747-4FF5-A0B0-7280BBCCA707}"
EndProject
Project("{2150E333-8FDC-42A3-9474-1A3956D46DE8}") = "03.Customer", "03.Customer", "{729C3647-A3EB-46CE-B571-73FA513390F8}"
EndProject
Project("{2150E333-8FDC-42A3-9474-1A3956D46DE8}") = "04.Order", "04.Order", "{30F11EC6-C011-495D-B1C6-6A1B46ABBD61}"
EndProject
Project("{9A19103F-16F7-4668-BE54-9A1E7A4F7556}") = "Catalog.Api", "src\Service\Catalog\Catalog.Api\Catalog.Api.csproj", "{81E64BB2-21CF-4FEC-9AFF-7307A8EF5A7F}"
EndProject
Project("{2150E333-8FDC-42A3-9474-1A3956D46DE8}") = "01.API", "01.API", "{D1B287D8-663A-4774-9034-E71ABCFF2A5B}"
EndProject
Project("{2150E333-8FDC-42A3-9474-1A3956D46DE8}") = "02.Service", "02.Service", "{11B4AF86-B2D4-455D-8B68-7014ECC1798E}"
EndProject
Project("{2150E333-8FDC-42A3-9474-1A3956D46DE8}") = "03.Persistence", "03.Persistence", "{E441D200-F2A1-453C-B5DA-10A1A6C9F451}"
EndProject
Project("{2150E333-8FDC-42A3-9474-1A3956D46DE8}") = "04.Models", "04.Models", "{36B7CCF7-3F23-486B-A0DB-48836CD1EFFE}"
EndProject
Project("{9A19103F-16F7-4668-BE54-9A1E7A4F7556}") = "Catalog.Domain", "src\Service\Catalog\Catalog.Domain\Catalog.Domain.csproj", "{BDDE9F4F-1287-4A67-9A4C-EC907BD42FDB}"
EndProject
Project("{9A19103F-16F7-4668-BE54-9A1E7A4F7556}") = "Catalog.Persistence.Database", "src\Service\Catalog\Catalog.Persistence.Database\Catalog.Persistence.Database.csproj", "{5C4E7E66-7979-468B-8AD2-D9029F5D2C7C}"
EndProject
Project("{9A19103F-16F7-4668-BE54-9A1E7A4F7556}") = "Catalog.Service.Queries", "src\Service\Catalog\Catalog.Service.Queries\Catalog.Service.Queries.csproj", "{288777A8-DCDB-454D-BD9F-565AF7292D59}"
EndProject
Project("{2150E333-8FDC-42A3-9474-1A3956D46DE8}") = "Common", "Common", "{E1E7921E-0250-4BBC-BDCC-B39865708F65}"
EndProject
Project("{9A19103F-16F7-4668-BE54-9A1E7A4F7556}") = "Service.Common.Collection", "src\Service\Common\Service.Common.Collection\Service.Common.Collection.csproj", "{B24FA622-C93E-43E4-9FC4-D6BF90A97321}"
EndProject
Project("{9A19103F-16F7-4668-BE54-9A1E7A4F7556}") = "Service.Common.Paging", "src\Service\Common\Service.Common.Paging\Service.Common.Paging.csproj", "{74E297B2-FFC0-4FD3-9CCC-5C3FE99A7B39}"
EndProject
Project("{9A19103F-16F7-4668-BE54-9A1E7A4F7556}") = "Service.Common.Mapping", "src\Service\Common\Service.Common.Mapping\Service.Common.Mapping.csproj", "{4B4B6191-7940-4697-9026-C5ECEF45C5BF}"
EndProject
Project("{9A19103F-16F7-4668-BE54-9A1E7A4F7556}") = "Catalog.Service.EventHandlers", "src\Service\Catalog\Catalog.Service.EventHandlers\Catalog.Service.EventHandlers.csproj", "{32933D50-4357-48FA-A26C-550EB3397BFB}"
EndProject
Project("{2150E333-8FDC-42A3-9474-1A3956D46DE8}") = "05.Common", "05.Common", "{F71977AE-EE43-4D46-A8A1-398B35ECB375}"
EndProject
Project("{9A19103F-16F7-4668-BE54-9A1E7A4F7556}") = "Catalog.Common", "src\Service\Catalog\Catalog.Common\Catalog.Common.csproj", "{353A728D-5615-4FB7-AB2F-69288E74A3EC}"
EndProject
Project("{2150E333-8FDC-42A3-9474-1A3956D46DE8}") = "04.Common", "04.Common", "{60D4CFB6-FD40-4403-B4D5-6B428F2704BA}"
EndProject
Project("{9A19103F-16F7-4668-BE54-9A1E7A4F7556}") = "Common.Logging", "src\Service\Common.Logging\Common.Logging.csproj", "{D77DD678-1BD5-4B79-BC46-7F0F5538432C}"
EndProject
Project("{2150E333-8FDC-42A3-9474-1A3956D46DE8}") = "06.Testing", "06.Testing", "{5BF37D32-C0FF-44B9-85D2-A72C001A7548}"
EndProject
Project("{9A19103F-16F7-4668-BE54-9A1E7A4F7556}") = "Catalog.Test", "src\Service\Catalog\Catalog.Test\Catalog.Test.csproj", "{9318768E-978D-4E7E-809C-C8769E2E4A8A}"
EndProject
Project("{2150E333-8FDC-42A3-9474-1A3956D46DE8}") = "01.API", "01.API", "{3B704B05-964E-483C-90B8-AC3A463E467B}"
EndProject
Project("{2150E333-8FDC-42A3-9474-1A3956D46DE8}") = "02.Service", "02.Service", "{EAAEF109-456C-4799-A6EA-2D9134C48394}"
EndProject
Project("{2150E333-8FDC-42A3-9474-1A3956D46DE8}") = "03.Persistence", "03.Persistence", "{3AD1D60B-5601-4609-99DD-9D2E1357BFDF}"
EndProject
Project("{2150E333-8FDC-42A3-9474-1A3956D46DE8}") = "04.Models", "04.Models", "{6F043ACF-0404-40D0-B544-9B91766FEC67}"
EndProject
Project("{2150E333-8FDC-42A3-9474-1A3956D46DE8}") = "05.Common", "05.Common", "{135AD873-4C0E-4282-8A18-4217E7530218}"
EndProject
Project("{2150E333-8FDC-42A3-9474-1A3956D46DE8}") = "06.Testing", "06.Testing", "{C6E2260F-B7D5-4D5B-8ECF-FD7E10744813}"
EndProject
Project("{9A19103F-16F7-4668-BE54-9A1E7A4F7556}") = "Customer.Domain", "src\Service\Customer\Customer.Domain\Customer.Domain\Customer.Domain.csproj", "{2B16697F-3219-49EA-9FAB-73427D90A8E8}"
EndProject
Project("{9A19103F-16F7-4668-BE54-9A1E7A4F7556}") = "Customer.Api", "src\Service\Customer\Customer.Api\Customer.Api\Customer.Api.csproj", "{768FE6C9-E37B-4F77-8CC1-4644C539D5EA}"
EndProject
Project("{9A19103F-16F7-4668-BE54-9A1E7A4F7556}") = "Customer.Persistence.Database", "src\Service\Customer\Customer.Persistence.Database\Customer.Persistence.Database\Customer.Persistence.Database.csproj", "{2CD77A0C-CC1E-4DEB-8563-38A85C928A43}"
EndProject
Project("{9A19103F-16F7-4668-BE54-9A1E7A4F7556}") = "Customer.Service.Queries", "src\Service\Customer\Customer.Service.Queries\Customer.Service.Queries\Customer.Service.Queries.csproj", "{DDA872C4-3E3E-4D0A-A46D-CE3D3F5B4F24}"
EndProject
Project("{FAE04EC0-301F-11D3-BF4B-00C04F79EFBC}") = "Customer.Service.EventHandlers", "src\Service\Customer\Customer.Service.EventHandlers\Customer.Service.EventHandlers\Customer.Service.EventHandlers.csproj", "{1BE2E40C-E86B-4FAA-B155-D91EA9A9FB27}"
EndProject
Global
	GlobalSection(SolutionConfigurationPlatforms) = preSolution
		Debug|Any CPU = Debug|Any CPU
		Release|Any CPU = Release|Any CPU
	EndGlobalSection
	GlobalSection(ProjectConfigurationPlatforms) = postSolution
		{81E64BB2-21CF-4FEC-9AFF-7307A8EF5A7F}.Debug|Any CPU.ActiveCfg = Debug|Any CPU
		{81E64BB2-21CF-4FEC-9AFF-7307A8EF5A7F}.Debug|Any CPU.Build.0 = Debug|Any CPU
		{81E64BB2-21CF-4FEC-9AFF-7307A8EF5A7F}.Release|Any CPU.ActiveCfg = Release|Any CPU
		{81E64BB2-21CF-4FEC-9AFF-7307A8EF5A7F}.Release|Any CPU.Build.0 = Release|Any CPU
		{BDDE9F4F-1287-4A67-9A4C-EC907BD42FDB}.Debug|Any CPU.ActiveCfg = Debug|Any CPU
		{BDDE9F4F-1287-4A67-9A4C-EC907BD42FDB}.Debug|Any CPU.Build.0 = Debug|Any CPU
		{BDDE9F4F-1287-4A67-9A4C-EC907BD42FDB}.Release|Any CPU.ActiveCfg = Release|Any CPU
		{BDDE9F4F-1287-4A67-9A4C-EC907BD42FDB}.Release|Any CPU.Build.0 = Release|Any CPU
		{5C4E7E66-7979-468B-8AD2-D9029F5D2C7C}.Debug|Any CPU.ActiveCfg = Debug|Any CPU
		{5C4E7E66-7979-468B-8AD2-D9029F5D2C7C}.Debug|Any CPU.Build.0 = Debug|Any CPU
		{5C4E7E66-7979-468B-8AD2-D9029F5D2C7C}.Release|Any CPU.ActiveCfg = Release|Any CPU
		{5C4E7E66-7979-468B-8AD2-D9029F5D2C7C}.Release|Any CPU.Build.0 = Release|Any CPU
		{288777A8-DCDB-454D-BD9F-565AF7292D59}.Debug|Any CPU.ActiveCfg = Debug|Any CPU
		{288777A8-DCDB-454D-BD9F-565AF7292D59}.Debug|Any CPU.Build.0 = Debug|Any CPU
		{288777A8-DCDB-454D-BD9F-565AF7292D59}.Release|Any CPU.ActiveCfg = Release|Any CPU
		{288777A8-DCDB-454D-BD9F-565AF7292D59}.Release|Any CPU.Build.0 = Release|Any CPU
		{B24FA622-C93E-43E4-9FC4-D6BF90A97321}.Debug|Any CPU.ActiveCfg = Debug|Any CPU
		{B24FA622-C93E-43E4-9FC4-D6BF90A97321}.Debug|Any CPU.Build.0 = Debug|Any CPU
		{B24FA622-C93E-43E4-9FC4-D6BF90A97321}.Release|Any CPU.ActiveCfg = Release|Any CPU
		{B24FA622-C93E-43E4-9FC4-D6BF90A97321}.Release|Any CPU.Build.0 = Release|Any CPU
		{74E297B2-FFC0-4FD3-9CCC-5C3FE99A7B39}.Debug|Any CPU.ActiveCfg = Debug|Any CPU
		{74E297B2-FFC0-4FD3-9CCC-5C3FE99A7B39}.Debug|Any CPU.Build.0 = Debug|Any CPU
		{74E297B2-FFC0-4FD3-9CCC-5C3FE99A7B39}.Release|Any CPU.ActiveCfg = Release|Any CPU
		{74E297B2-FFC0-4FD3-9CCC-5C3FE99A7B39}.Release|Any CPU.Build.0 = Release|Any CPU
		{4B4B6191-7940-4697-9026-C5ECEF45C5BF}.Debug|Any CPU.ActiveCfg = Debug|Any CPU
		{4B4B6191-7940-4697-9026-C5ECEF45C5BF}.Debug|Any CPU.Build.0 = Debug|Any CPU
		{4B4B6191-7940-4697-9026-C5ECEF45C5BF}.Release|Any CPU.ActiveCfg = Release|Any CPU
		{4B4B6191-7940-4697-9026-C5ECEF45C5BF}.Release|Any CPU.Build.0 = Release|Any CPU
		{32933D50-4357-48FA-A26C-550EB3397BFB}.Debug|Any CPU.ActiveCfg = Debug|Any CPU
		{32933D50-4357-48FA-A26C-550EB3397BFB}.Debug|Any CPU.Build.0 = Debug|Any CPU
		{32933D50-4357-48FA-A26C-550EB3397BFB}.Release|Any CPU.ActiveCfg = Release|Any CPU
		{32933D50-4357-48FA-A26C-550EB3397BFB}.Release|Any CPU.Build.0 = Release|Any CPU
		{353A728D-5615-4FB7-AB2F-69288E74A3EC}.Debug|Any CPU.ActiveCfg = Debug|Any CPU
		{353A728D-5615-4FB7-AB2F-69288E74A3EC}.Debug|Any CPU.Build.0 = Debug|Any CPU
		{353A728D-5615-4FB7-AB2F-69288E74A3EC}.Release|Any CPU.ActiveCfg = Release|Any CPU
		{353A728D-5615-4FB7-AB2F-69288E74A3EC}.Release|Any CPU.Build.0 = Release|Any CPU
		{D77DD678-1BD5-4B79-BC46-7F0F5538432C}.Debug|Any CPU.ActiveCfg = Debug|Any CPU
		{D77DD678-1BD5-4B79-BC46-7F0F5538432C}.Debug|Any CPU.Build.0 = Debug|Any CPU
		{D77DD678-1BD5-4B79-BC46-7F0F5538432C}.Release|Any CPU.ActiveCfg = Release|Any CPU
		{D77DD678-1BD5-4B79-BC46-7F0F5538432C}.Release|Any CPU.Build.0 = Release|Any CPU
		{9318768E-978D-4E7E-809C-C8769E2E4A8A}.Debug|Any CPU.ActiveCfg = Debug|Any CPU
		{9318768E-978D-4E7E-809C-C8769E2E4A8A}.Debug|Any CPU.Build.0 = Debug|Any CPU
		{9318768E-978D-4E7E-809C-C8769E2E4A8A}.Release|Any CPU.ActiveCfg = Release|Any CPU
		{9318768E-978D-4E7E-809C-C8769E2E4A8A}.Release|Any CPU.Build.0 = Release|Any CPU
		{2B16697F-3219-49EA-9FAB-73427D90A8E8}.Debug|Any CPU.ActiveCfg = Debug|Any CPU
		{2B16697F-3219-49EA-9FAB-73427D90A8E8}.Debug|Any CPU.Build.0 = Debug|Any CPU
		{2B16697F-3219-49EA-9FAB-73427D90A8E8}.Release|Any CPU.ActiveCfg = Release|Any CPU
		{2B16697F-3219-49EA-9FAB-73427D90A8E8}.Release|Any CPU.Build.0 = Release|Any CPU
		{768FE6C9-E37B-4F77-8CC1-4644C539D5EA}.Debug|Any CPU.ActiveCfg = Debug|Any CPU
		{768FE6C9-E37B-4F77-8CC1-4644C539D5EA}.Debug|Any CPU.Build.0 = Debug|Any CPU
		{768FE6C9-E37B-4F77-8CC1-4644C539D5EA}.Release|Any CPU.ActiveCfg = Release|Any CPU
		{768FE6C9-E37B-4F77-8CC1-4644C539D5EA}.Release|Any CPU.Build.0 = Release|Any CPU
		{2CD77A0C-CC1E-4DEB-8563-38A85C928A43}.Debug|Any CPU.ActiveCfg = Debug|Any CPU
		{2CD77A0C-CC1E-4DEB-8563-38A85C928A43}.Debug|Any CPU.Build.0 = Debug|Any CPU
		{2CD77A0C-CC1E-4DEB-8563-38A85C928A43}.Release|Any CPU.ActiveCfg = Release|Any CPU
		{2CD77A0C-CC1E-4DEB-8563-38A85C928A43}.Release|Any CPU.Build.0 = Release|Any CPU
		{DDA872C4-3E3E-4D0A-A46D-CE3D3F5B4F24}.Debug|Any CPU.ActiveCfg = Debug|Any CPU
		{DDA872C4-3E3E-4D0A-A46D-CE3D3F5B4F24}.Debug|Any CPU.Build.0 = Debug|Any CPU
		{DDA872C4-3E3E-4D0A-A46D-CE3D3F5B4F24}.Release|Any CPU.ActiveCfg = Release|Any CPU
		{DDA872C4-3E3E-4D0A-A46D-CE3D3F5B4F24}.Release|Any CPU.Build.0 = Release|Any CPU
		{1BE2E40C-E86B-4FAA-B155-D91EA9A9FB27}.Debug|Any CPU.ActiveCfg = Debug|Any CPU
		{1BE2E40C-E86B-4FAA-B155-D91EA9A9FB27}.Debug|Any CPU.Build.0 = Debug|Any CPU
		{1BE2E40C-E86B-4FAA-B155-D91EA9A9FB27}.Release|Any CPU.ActiveCfg = Release|Any CPU
		{1BE2E40C-E86B-4FAA-B155-D91EA9A9FB27}.Release|Any CPU.Build.0 = Release|Any CPU
	EndGlobalSection
	GlobalSection(SolutionProperties) = preSolution
		HideSolutionNode = FALSE
	EndGlobalSection
	GlobalSection(NestedProjects) = preSolution
		{671DEE36-9B9A-44FA-A53D-DCAB816C410D} = {783FCAE3-7CAF-4AC0-9EE4-3AD93CC60AE4}
		{50122482-1747-4FF5-A0B0-7280BBCCA707} = {783FCAE3-7CAF-4AC0-9EE4-3AD93CC60AE4}
		{729C3647-A3EB-46CE-B571-73FA513390F8} = {783FCAE3-7CAF-4AC0-9EE4-3AD93CC60AE4}
		{30F11EC6-C011-495D-B1C6-6A1B46ABBD61} = {783FCAE3-7CAF-4AC0-9EE4-3AD93CC60AE4}
		{81E64BB2-21CF-4FEC-9AFF-7307A8EF5A7F} = {D1B287D8-663A-4774-9034-E71ABCFF2A5B}
		{D1B287D8-663A-4774-9034-E71ABCFF2A5B} = {50122482-1747-4FF5-A0B0-7280BBCCA707}
		{11B4AF86-B2D4-455D-8B68-7014ECC1798E} = {50122482-1747-4FF5-A0B0-7280BBCCA707}
		{E441D200-F2A1-453C-B5DA-10A1A6C9F451} = {50122482-1747-4FF5-A0B0-7280BBCCA707}
		{36B7CCF7-3F23-486B-A0DB-48836CD1EFFE} = {50122482-1747-4FF5-A0B0-7280BBCCA707}
		{BDDE9F4F-1287-4A67-9A4C-EC907BD42FDB} = {36B7CCF7-3F23-486B-A0DB-48836CD1EFFE}
		{5C4E7E66-7979-468B-8AD2-D9029F5D2C7C} = {E441D200-F2A1-453C-B5DA-10A1A6C9F451}
		{288777A8-DCDB-454D-BD9F-565AF7292D59} = {11B4AF86-B2D4-455D-8B68-7014ECC1798E}
		{E1E7921E-0250-4BBC-BDCC-B39865708F65} = {783FCAE3-7CAF-4AC0-9EE4-3AD93CC60AE4}
		{B24FA622-C93E-43E4-9FC4-D6BF90A97321} = {E1E7921E-0250-4BBC-BDCC-B39865708F65}
		{74E297B2-FFC0-4FD3-9CCC-5C3FE99A7B39} = {E1E7921E-0250-4BBC-BDCC-B39865708F65}
		{4B4B6191-7940-4697-9026-C5ECEF45C5BF} = {E1E7921E-0250-4BBC-BDCC-B39865708F65}
		{32933D50-4357-48FA-A26C-550EB3397BFB} = {11B4AF86-B2D4-455D-8B68-7014ECC1798E}
		{F71977AE-EE43-4D46-A8A1-398B35ECB375} = {50122482-1747-4FF5-A0B0-7280BBCCA707}
		{353A728D-5615-4FB7-AB2F-69288E74A3EC} = {F71977AE-EE43-4D46-A8A1-398B35ECB375}
		{D77DD678-1BD5-4B79-BC46-7F0F5538432C} = {60D4CFB6-FD40-4403-B4D5-6B428F2704BA}
		{5BF37D32-C0FF-44B9-85D2-A72C001A7548} = {50122482-1747-4FF5-A0B0-7280BBCCA707}
		{9318768E-978D-4E7E-809C-C8769E2E4A8A} = {5BF37D32-C0FF-44B9-85D2-A72C001A7548}
		{3B704B05-964E-483C-90B8-AC3A463E467B} = {729C3647-A3EB-46CE-B571-73FA513390F8}
		{EAAEF109-456C-4799-A6EA-2D9134C48394} = {729C3647-A3EB-46CE-B571-73FA513390F8}
		{3AD1D60B-5601-4609-99DD-9D2E1357BFDF} = {729C3647-A3EB-46CE-B571-73FA513390F8}
		{6F043ACF-0404-40D0-B544-9B91766FEC67} = {729C3647-A3EB-46CE-B571-73FA513390F8}
		{135AD873-4C0E-4282-8A18-4217E7530218} = {729C3647-A3EB-46CE-B571-73FA513390F8}
		{C6E2260F-B7D5-4D5B-8ECF-FD7E10744813} = {729C3647-A3EB-46CE-B571-73FA513390F8}
		{2B16697F-3219-49EA-9FAB-73427D90A8E8} = {6F043ACF-0404-40D0-B544-9B91766FEC67}
		{768FE6C9-E37B-4F77-8CC1-4644C539D5EA} = {3B704B05-964E-483C-90B8-AC3A463E467B}
		{2CD77A0C-CC1E-4DEB-8563-38A85C928A43} = {3AD1D60B-5601-4609-99DD-9D2E1357BFDF}
		{DDA872C4-3E3E-4D0A-A46D-CE3D3F5B4F24} = {EAAEF109-456C-4799-A6EA-2D9134C48394}
		{1BE2E40C-E86B-4FAA-B155-D91EA9A9FB27} = {EAAEF109-456C-4799-A6EA-2D9134C48394}
	EndGlobalSection
	GlobalSection(ExtensibilityGlobals) = postSolution
		SolutionGuid = {459381EE-F962-407E-873C-EA96C030AF8E}
	EndGlobalSection
EndGlobal
